
Microsoft Visual Studio Solution File, Format Version 12.00
# Visual Studio Version 16
VisualStudioVersion = 16.0.30503.244
MinimumVisualStudioVersion = 10.0.40219.1
Project("{FAE04EC0-301F-11D3-BF4B-00C04F79EFBC}") = "UnixShell", "UnixShell.csproj", "{E7C2ED28-AD25-4F38-8670-DF3135EC7F27}"
EndProject
Global
	GlobalSection(SolutionConfigurationPlatforms) = preSolution
		Debug|Any CPU = Debug|Any CPU
		Debug|x64 = Debug|x64
		Debug|x86 = Debug|x86
		Release|Any CPU = Release|Any CPU
		Release|x64 = Release|x64
		Release|x86 = Release|x86
	EndGlobalSection
	GlobalSection(ProjectConfigurationPlatforms) = postSolution
		{E7C2ED28-AD25-4F38-8670-DF3135EC7F27}.Debug|Any CPU.ActiveCfg = Debug|Any CPU
		{E7C2ED28-AD25-4F38-8670-DF3135EC7F27}.Debug|Any CPU.Build.0 = Debug|Any CPU
		{E7C2ED28-AD25-4F38-8670-DF3135EC7F27}.Debug|x64.ActiveCfg = Debug|x64
		{E7C2ED28-AD25-4F38-8670-DF3135EC7F27}.Debug|x64.Build.0 = Debug|x64
		{E7C2ED28-AD25-4F38-8670-DF3135EC7F27}.Debug|x86.ActiveCfg = Debug|x86
		{E7C2ED28-AD25-4F38-8670-DF3135EC7F27}.Debug|x86.Build.0 = Debug|x86
		{E7C2ED28-AD25-4F38-8670-DF3135EC7F27}.Release|Any CPU.ActiveCfg = Release|Any CPU
		{E7C2ED28-AD25-4F38-8670-DF3135EC7F27}.Release|Any CPU.Build.0 = Release|Any CPU
		{E7C2ED28-AD25-4F38-8670-DF3135EC7F27}.Release|x64.ActiveCfg = Release|x64
		{E7C2ED28-AD25-4F38-8670-DF3135EC7F27}.Release|x64.Build.0 = Release|x64
		{E7C2ED28-AD25-4F38-8670-DF3135EC7F27}.Release|x86.ActiveCfg = Release|x86
		{E7C2ED28-AD25-4F38-8670-DF3135EC7F27}.Release|x86.Build.0 = Release|x86
	EndGlobalSection
	GlobalSection(SolutionProperties) = preSolution
		HideSolutionNode = FALSE
	EndGlobalSection
	GlobalSection(ExtensibilityGlobals) = postSolution
		SolutionGuid = {357590CD-B2E3-4EA0-BB7D-8FCEDD088EEA}
	EndGlobalSection
EndGlobal
